
Microsoft Visual Studio Solution File, Format Version 12.00
# Visual Studio Version 16
VisualStudioVersion = 16.0.31105.61
MinimumVisualStudioVersion = 10.0.40219.1
Project("{FAE04EC0-301F-11D3-BF4B-00C04F79EFBC}") = "Pizza Order Automation", "Pizza Order Automation\Pizza Order Automation.csproj", "{D01C5D7A-5B22-4A7D-87CD-F398412A53FB}"
EndProject
Global
	GlobalSection(SolutionConfigurationPlatforms) = preSolution
		Debug|Any CPU = Debug|Any CPU
		Release|Any CPU = Release|Any CPU
	EndGlobalSection
	GlobalSection(ProjectConfigurationPlatforms) = postSolution
		{D01C5D7A-5B22-4A7D-87CD-F398412A53FB}.Debug|Any CPU.ActiveCfg = Debug|Any CPU
		{D01C5D7A-5B22-4A7D-87CD-F398412A53FB}.Debug|Any CPU.Build.0 = Debug|Any CPU
		{D01C5D7A-5B22-4A7D-87CD-F398412A53FB}.Release|Any CPU.ActiveCfg = Release|Any CPU
		{D01C5D7A-5B22-4A7D-87CD-F398412A53FB}.Release|Any CPU.Build.0 = Release|Any CPU
	EndGlobalSection
	GlobalSection(SolutionProperties) = preSolution
		HideSolutionNode = FALSE
	EndGlobalSection
	GlobalSection(ExtensibilityGlobals) = postSolution
		SolutionGuid = {FEC98133-A8E9-448E-B6A9-36B597F960EC}
	EndGlobalSection
EndGlobal
